
Microsoft Visual Studio Solution File, Format Version 12.00
# Visual Studio 15
Project("{FAE04EC0-301F-11D3-BF4B-00C04F79EFBC}") = "Assembly-CSharp", "Assembly-CSharp.csproj", "{3FE1F991-E160-CA22-7DA1-1C8B770F79B7}"
EndProject
Project("{FAE04EC0-301F-11D3-BF4B-00C04F79EFBC}") = "Assembly-CSharp-Editor", "Assembly-CSharp-Editor.csproj", "{B8AAC003-3662-D2D6-2518-A33E4D83DABA}"
EndProject
Global
	GlobalSection(SolutionConfigurationPlatforms) = preSolution
		Debug|Any CPU = Debug|Any CPU
		Release|Any CPU = Release|Any CPU
	EndGlobalSection
	GlobalSection(ProjectConfigurationPlatforms) = postSolution
		{3FE1F991-E160-CA22-7DA1-1C8B770F79B7}.Debug|Any CPU.ActiveCfg = Debug|Any CPU
		{3FE1F991-E160-CA22-7DA1-1C8B770F79B7}.Debug|Any CPU.Build.0 = Debug|Any CPU
		{3FE1F991-E160-CA22-7DA1-1C8B770F79B7}.Release|Any CPU.ActiveCfg = Release|Any CPU
		{3FE1F991-E160-CA22-7DA1-1C8B770F79B7}.Release|Any CPU.Build.0 = Release|Any CPU
		{B8AAC003-3662-D2D6-2518-A33E4D83DABA}.Debug|Any CPU.ActiveCfg = Debug|Any CPU
		{B8AAC003-3662-D2D6-2518-A33E4D83DABA}.Debug|Any CPU.Build.0 = Debug|Any CPU
		{B8AAC003-3662-D2D6-2518-A33E4D83DABA}.Release|Any CPU.ActiveCfg = Release|Any CPU
		{B8AAC003-3662-D2D6-2518-A33E4D83DABA}.Release|Any CPU.Build.0 = Release|Any CPU
	EndGlobalSection
	GlobalSection(SolutionProperties) = preSolution
		HideSolutionNode = FALSE
	EndGlobalSection
EndGlobal
